// !$*UTF8*$!
{
	archiveVersion = 1;
	classes = {
	};
	objectVersion = 56;
	objects = {

/* Begin PBXBuildFile section */
		3DAB919229A439FF00FA6045 /* Post.swift in Sources */ = {isa = PBXBuildFile; fileRef = 3DAB919129A439FF00FA6045 /* Post.swift */; };
		3DAB919629A44C8300FA6045 /* Construction.swift in Sources */ = {isa = PBXBuildFile; fileRef = 3DAB919529A44C8300FA6045 /* Construction.swift */; };
		3DAB919829A44CBA00FA6045 /* HHVACR.swift in Sources */ = {isa = PBXBuildFile; fileRef = 3DAB919729A44CBA00FA6045 /* HHVACR.swift */; };
		3DAB919A29A44CFF00FA6045 /* Electrical.swift in Sources */ = {isa = PBXBuildFile; fileRef = 3DAB919929A44CFF00FA6045 /* Electrical.swift */; };
		3DE39308299EBDF500A292D2 /* StackOverflowApp.swift in Sources */ = {isa = PBXBuildFile; fileRef = 3DE39307299EBDF500A292D2 /* StackOverflowApp.swift */; };
		3DE3930A299EBDF500A292D2 /* ContentView.swift in Sources */ = {isa = PBXBuildFile; fileRef = 3DE39309299EBDF500A292D2 /* ContentView.swift */; };
		3DE3930C299EBDF600A292D2 /* Assets.xcassets in Resources */ = {isa = PBXBuildFile; fileRef = 3DE3930B299EBDF600A292D2 /* Assets.xcassets */; };
		3DE3930F299EBDF600A292D2 /* Preview Assets.xcassets in Resources */ = {isa = PBXBuildFile; fileRef = 3DE3930E299EBDF600A292D2 /* Preview Assets.xcassets */; };
		3DE3931B299EBEA100A292D2 /* MainView.swift in Sources */ = {isa = PBXBuildFile; fileRef = 3DE3931A299EBEA100A292D2 /* MainView.swift */; };
		3DE3931D299EBF0000A292D2 /* Plumbing.swift in Sources */ = {isa = PBXBuildFile; fileRef = 3DE3931C299EBF0000A292D2 /* Plumbing.swift */; };
/* End PBXBuildFile section */

/* Begin PBXFileReference section */
		3DAB919129A439FF00FA6045 /* Post.swift */ = {isa = PBXFileReference; lastKnownFileType = sourcecode.swift; path = Post.swift; sourceTree = "<group>"; };
		3DAB919529A44C8300FA6045 /* Construction.swift */ = {isa = PBXFileReference; lastKnownFileType = sourcecode.swift; path = Construction.swift; sourceTree = "<group>"; };
		3DAB919729A44CBA00FA6045 /* HHVACR.swift */ = {isa = PBXFileReference; lastKnownFileType = sourcecode.swift; path = HHVACR.swift; sourceTree = "<group>"; };
		3DAB919929A44CFF00FA6045 /* Electrical.swift */ = {isa = PBXFileReference; lastKnownFileType = sourcecode.swift; path = Electrical.swift; sourceTree = "<group>"; };
		3DE39304299EBDF500A292D2 /* StackOverflow.app */ = {isa = PBXFileReference; explicitFileType = wrapper.application; includeInIndex = 0; path = StackOverflow.app; sourceTree = BUILT_PRODUCTS_DIR; };
		3DE39307299EBDF500A292D2 /* StackOverflowApp.swift */ = {isa = PBXFileReference; lastKnownFileType = sourcecode.swift; path = StackOverflowApp.swift; sourceTree = "<group>"; };
		3DE39309299EBDF500A292D2 /* ContentView.swift */ = {isa = PBXFileReference; lastKnownFileType = sourcecode.swift; path = ContentView.swift; sourceTree = "<group>"; };
		3DE3930B299EBDF600A292D2 /* Assets.xcassets */ = {isa = PBXFileReference; lastKnownFileType = folder.assetcatalog; path = Assets.xcassets; sourceTree = "<group>"; };
		3DE3930E299EBDF600A292D2 /* Preview Assets.xcassets */ = {isa = PBXFileReference; lastKnownFileType = folder.assetcatalog; path = "Preview Assets.xcassets"; sourceTree = "<group>"; };
		3DE3931A299EBEA100A292D2 /* MainView.swift */ = {isa = PBXFileReference; lastKnownFileType = sourcecode.swift; path = MainView.swift; sourceTree = "<group>"; };
		3DE3931C299EBF0000A292D2 /* Plumbing.swift */ = {isa = PBXFileReference; lastKnownFileType = sourcecode.swift; path = Plumbing.swift; sourceTree = "<group>"; };
/* End PBXFileReference section */

/* Begin PBXFrameworksBuildPhase section */
		3DE39301299EBDF500A292D2 /* Frameworks */ = {
			isa = PBXFrameworksBuildPhase;
			buildActionMask = 2147483647;
			files = (
			);
			runOnlyForDeploymentPostprocessing = 0;
		};
/* End PBXFrameworksBuildPhase section */

/* Begin PBXGroup section */
		3DE392FB299EBDF500A292D2 = {
			isa = PBXGroup;
			children = (
				3DE39306299EBDF500A292D2 /* StackOverflow */,
				3DE39305299EBDF500A292D2 /* Products */,
			);
			sourceTree = "<group>";
		};
		3DE39305299EBDF500A292D2 /* Products */ = {
			isa = PBXGroup;
			children = (
				3DE39304299EBDF500A292D2 /* StackOverflow.app */,
			);
			name = Products;
			sourceTree = "<group>";
		};
		3DE39306299EBDF500A292D2 /* StackOverflow */ = {
			isa = PBXGroup;
			children = (
				3DE39307299EBDF500A292D2 /* StackOverflowApp.swift */,
				3DE39309299EBDF500A292D2 /* ContentView.swift */,
				3DE39315299EBE1D00A292D2 /* TabViews */,
				3DE3930B299EBDF600A292D2 /* Assets.xcassets */,
				3DE3930D299EBDF600A292D2 /* Preview Content */,
			);
			path = StackOverflow;
			sourceTree = "<group>";
		};
		3DE3930D299EBDF600A292D2 /* Preview Content */ = {
			isa = PBXGroup;
			children = (
				3DE3930E299EBDF600A292D2 /* Preview Assets.xcassets */,
			);
			path = "Preview Content";
			sourceTree = "<group>";
		};
		3DE39315299EBE1D00A292D2 /* TabViews */ = {
			isa = PBXGroup;
			children = (
				3DE3931A299EBEA100A292D2 /* MainView.swift */,
				3DAB919929A44CFF00FA6045 /* Electrical.swift */,
				3DAB919129A439FF00FA6045 /* Post.swift */,
				3DE3931C299EBF0000A292D2 /* Plumbing.swift */,
				3DAB919529A44C8300FA6045 /* Construction.swift */,
				3DAB919729A44CBA00FA6045 /* HHVACR.swift */,
			);
			path = TabViews;
			sourceTree = "<group>";
		};
/* End PBXGroup section */

/* Begin PBXNativeTarget section */
		3DE39303299EBDF500A292D2 /* StackOverflow */ = {
			isa = PBXNativeTarget;
			buildConfigurationList = 3DE39312299EBDF600A292D2 /* Build configuration list for PBXNativeTarget "StackOverflow" */;
			buildPhases = (
				3DE39300299EBDF500A292D2 /* Sources */,
				3DE39301299EBDF500A292D2 /* Frameworks */,
				3DE39302299EBDF500A292D2 /* Resources */,
			);
			buildRules = (
			);
			dependencies = (
			);
			name = StackOverflow;
			productName = StackOverflow;
			productReference = 3DE39304299EBDF500A292D2 /* StackOverflow.app */;
			productType = "com.apple.product-type.application";
		};
/* End PBXNativeTarget section */

/* Begin PBXProject section */
		3DE392FC299EBDF500A292D2 /* Project object */ = {
			isa = PBXProject;
			attributes = {
				BuildIndependentTargetsInParallel = 1;
				LastSwiftUpdateCheck = 1400;
				LastUpgradeCheck = 1400;
				TargetAttributes = {
					3DE39303299EBDF500A292D2 = {
						CreatedOnToolsVersion = 14.0.1;
					};
				};
			};
			buildConfigurationList = 3DE392FF299EBDF500A292D2 /* Build configuration list for PBXProject "StackOverflow" */;
			compatibilityVersion = "Xcode 14.0";
			developmentRegion = en;
			hasScannedForEncodings = 0;
			knownRegions = (
				en,
				Base,
			);
			mainGroup = 3DE392FB299EBDF500A292D2;
			productRefGroup = 3DE39305299EBDF500A292D2 /* Products */;
			projectDirPath = "";
			projectRoot = "";
			targets = (
				3DE39303299EBDF500A292D2 /* StackOverflow */,
			);
		};
/* End PBXProject section */

/* Begin PBXResourcesBuildPhase section */
		3DE39302299EBDF500A292D2 /* Resources */ = {
			isa = PBXResourcesBuildPhase;
			buildActionMask = 2147483647;
			files = (
				3DE3930F299EBDF600A292D2 /* Preview Assets.xcassets in Resources */,
				3DE3930C299EBDF600A292D2 /* Assets.xcassets in Resources */,
			);
			runOnlyForDeploymentPostprocessing = 0;
		};
/* End PBXResourcesBuildPhase section */

/* Begin PBXSourcesBuildPhase section */
		3DE39300299EBDF500A292D2 /* Sources */ = {
			isa = PBXSourcesBuildPhase;
			buildActionMask = 2147483647;
			files = (
				3DAB919629A44C8300FA6045 /* Construction.swift in Sources */,
				3DAB919829A44CBA00FA6045 /* HHVACR.swift in Sources */,
				3DE3930A299EBDF500A292D2 /* ContentView.swift in Sources */,
				3DAB919A29A44CFF00FA6045 /* Electrical.swift in Sources */,
				3DE39308299EBDF500A292D2 /* StackOverflowApp.swift in Sources */,
				3DAB919229A439FF00FA6045 /* Post.swift in Sources */,
				3DE3931D299EBF0000A292D2 /* Plumbing.swift in Sources */,
				3DE3931B299EBEA100A292D2 /* MainView.swift in Sources */,
			);
			runOnlyForDeploymentPostprocessing = 0;
		};
/* End PBXSourcesBuildPhase section */

/* Begin XCBuildConfiguration section */
		3DE39310299EBDF600A292D2 /* Debug */ = {
			isa = XCBuildConfiguration;
			buildSettings = {
				ALWAYS_SEARCH_USER_PATHS = NO;
				CLANG_ANALYZER_NONNULL = YES;
				CLANG_ANALYZER_NUMBER_OBJECT_CONVERSION = YES_AGGRESSIVE;
				CLANG_CXX_LANGUAGE_STANDARD = "gnu++20";
				CLANG_ENABLE_MODULES = YES;
				CLANG_ENABLE_OBJC_ARC = YES;
				CLANG_ENABLE_OBJC_WEAK = YES;
				CLANG_WARN_BLOCK_CAPTURE_AUTORELEASING = YES;
				CLANG_WARN_BOOL_CONVERSION = YES;
				CLANG_WARN_COMMA = YES;
				CLANG_WARN_CONSTANT_CONVERSION = YES;
				CLANG_WARN_DEPRECATED_OBJC_IMPLEMENTATIONS = YES;
				CLANG_WARN_DIRECT_OBJC_ISA_USAGE = YES_ERROR;
				CLANG_WARN_DOCUMENTATION_COMMENTS = YES;
				CLANG_WARN_EMPTY_BODY = YES;
				CLANG_WARN_ENUM_CONVERSION = YES;
				CLANG_WARN_INFINITE_RECURSION = YES;
				CLANG_WARN_INT_CONVERSION = YES;
				CLANG_WARN_NON_LITERAL_NULL_CONVERSION = YES;
				CLANG_WARN_OBJC_IMPLICIT_RETAIN_SELF = YES;
				CLANG_WARN_OBJC_LITERAL_CONVERSION = YES;
				CLANG_WARN_OBJC_ROOT_CLASS = YES_ERROR;
				CLANG_WARN_QUOTED_INCLUDE_IN_FRAMEWORK_HEADER = YES;
				CLANG_WARN_RANGE_LOOP_ANALYSIS = YES;
				CLANG_WARN_STRICT_PROTOTYPES = YES;
				CLANG_WARN_SUSPICIOUS_MOVE = YES;
				CLANG_WARN_UNGUARDED_AVAILABILITY = YES_AGGRESSIVE;
				CLANG_WARN_UNREACHABLE_CODE = YES;
				CLANG_WARN__DUPLICATE_METHOD_MATCH = YES;
				COPY_PHASE_STRIP = NO;
				DEBUG_INFORMATION_FORMAT = dwarf;
				ENABLE_STRICT_OBJC_MSGSEND = YES;
				ENABLE_TESTABILITY = YES;
				GCC_C_LANGUAGE_STANDARD = gnu11;
				GCC_DYNAMIC_NO_PIC = NO;
				GCC_NO_COMMON_BLOCKS = YES;
				GCC_OPTIMIZATION_LEVEL = 0;
				GCC_PREPROCESSOR_DEFINITIONS = (
					"DEBUG=1",
					"$(inherited)",
				);
				GCC_WARN_64_TO_32_BIT_CONVERSION = YES;
				GCC_WARN_ABOUT_RETURN_TYPE = YES_ERROR;
				GCC_WARN_UNDECLARED_SELECTOR = YES;
				GCC_WARN_UNINITIALIZED_AUTOS = YES_AGGRESSIVE;
				GCC_WARN_UNUSED_FUNCTION = YES;
				GCC_WARN_UNUSED_VARIABLE = YES;
				IPHONEOS_DEPLOYMENT_TARGET = 16.0;
				MTL_ENABLE_DEBUG_INFO = INCLUDE_SOURCE;
				MTL_FAST_MATH = YES;
				ONLY_ACTIVE_ARCH = YES;
				SDKROOT = iphoneos;
				SWIFT_ACTIVE_COMPILATION_CONDITIONS = DEBUG;
				SWIFT_OPTIMIZATION_LEVEL = "-Onone";
			};
			name = Debug;
		};
		3DE39311299EBDF600A292D2 /* Release */ = {
			isa = XCBuildConfiguration;
			buildSettings = {
				ALWAYS_SEARCH_USER_PATHS = NO;
				CLANG_ANALYZER_NONNULL = YES;
				CLANG_ANALYZER_NUMBER_OBJECT_CONVERSION = YES_AGGRESSIVE;
				CLANG_CXX_LANGUAGE_STANDARD = "gnu++20";
				CLANG_ENABLE_MODULES = YES;
				CLANG_ENABLE_OBJC_ARC = YES;
				CLANG_ENABLE_OBJC_WEAK = YES;
				CLANG_WARN_BLOCK_CAPTURE_AUTORELEASING = YES;
				CLANG_WARN_BOOL_CONVERSION = YES;
				CLANG_WARN_COMMA = YES;
				CLANG_WARN_CONSTANT_CONVERSION = YES;
				CLANG_WARN_DEPRECATED_OBJC_IMPLEMENTATIONS = YES;
				CLANG_WARN_DIRECT_OBJC_ISA_USAGE = YES_ERROR;
				CLANG_WARN_DOCUMENTATION_COMMENTS = YES;
				CLANG_WARN_EMPTY_BODY = YES;
				CLANG_WARN_ENUM_CONVERSION = YES;
				CLANG_WARN_INFINITE_RECURSION = YES;
				CLANG_WARN_INT_CONVERSION = YES;
				CLANG_WARN_NON_LITERAL_NULL_CONVERSION = YES;
				CLANG_WARN_OBJC_IMPLICIT_RETAIN_SELF = YES;
				CLANG_WARN_OBJC_LITERAL_CONVERSION = YES;
				CLANG_WARN_OBJC_ROOT_CLASS = YES_ERROR;
				CLANG_WARN_QUOTED_INCLUDE_IN_FRAMEWORK_HEADER = YES;
				CLANG_WARN_RANGE_LOOP_ANALYSIS = YES;
				CLANG_WARN_STRICT_PROTOTYPES = YES;
				CLANG_WARN_SUSPICIOUS_MOVE = YES;
				CLANG_WARN_UNGUARDED_AVAILABILITY = YES_AGGRESSIVE;
				CLANG_WARN_UNREACHABLE_CODE = YES;
				CLANG_WARN__DUPLICATE_METHOD_MATCH = YES;
				COPY_PHASE_STRIP = NO;
				DEBUG_INFORMATION_FORMAT = "dwarf-with-dsym";
				ENABLE_NS_ASSERTIONS = NO;
				ENABLE_STRICT_OBJC_MSGSEND = YES;
				GCC_C_LANGUAGE_STANDARD = gnu11;
				GCC_NO_COMMON_BLOCKS = YES;
				GCC_WARN_64_TO_32_BIT_CONVERSION = YES;
				GCC_WARN_ABOUT_RETURN_TYPE = YES_ERROR;
				GCC_WARN_UNDECLARED_SELECTOR = YES;
				GCC_WARN_UNINITIALIZED_AUTOS = YES_AGGRESSIVE;
				GCC_WARN_UNUSED_FUNCTION = YES;
				GCC_WARN_UNUSED_VARIABLE = YES;
				IPHONEOS_DEPLOYMENT_TARGET = 16.0;
				MTL_ENABLE_DEBUG_INFO = NO;
				MTL_FAST_MATH = YES;
				SDKROOT = iphoneos;
				SWIFT_COMPILATION_MODE = wholemodule;
				SWIFT_OPTIMIZATION_LEVEL = "-O";
				VALIDATE_PRODUCT = YES;
			};
			name = Release;
		};
		3DE39313299EBDF600A292D2 /* Debug */ = {
			isa = XCBuildConfiguration;
			buildSettings = {
				ASSETCATALOG_COMPILER_APPICON_NAME = AppIcon;
				ASSETCATALOG_COMPILER_GLOBAL_ACCENT_COLOR_NAME = AccentColor;
				CODE_SIGN_STYLE = Automatic;
				CURRENT_PROJECT_VERSION = 1;
				DEVELOPMENT_ASSET_PATHS = "\"StackOverflow/Preview Content\"";
				DEVELOPMENT_TEAM = SXAJ89F3CF;
				ENABLE_PREVIEWS = YES;
				GENERATE_INFOPLIST_FILE = YES;
				INFOPLIST_KEY_UIApplicationSceneManifest_Generation = YES;
				INFOPLIST_KEY_UIApplicationSupportsIndirectInputEvents = YES;
				INFOPLIST_KEY_UILaunchScreen_Generation = YES;
				INFOPLIST_KEY_UISupportedInterfaceOrientations = UIInterfaceOrientationPortrait;
				INFOPLIST_KEY_UISupportedInterfaceOrientations_iPad = "UIInterfaceOrientationLandscapeLeft UIInterfaceOrientationLandscapeRight UIInterfaceOrientationPortrait UIInterfaceOrientationPortraitUpsideDown";
				LD_RUNPATH_SEARCH_PATHS = (
					"$(inherited)",
					"@executable_path/Frameworks",
				);
				MARKETING_VERSION = 1.0;
				PRODUCT_BUNDLE_IDENTIFIER = com.StackOverflow.StackOverflow;
				PRODUCT_NAME = "$(TARGET_NAME)";
				SWIFT_EMIT_LOC_STRINGS = YES;
				SWIFT_VERSION = 5.0;
				TARGETED_DEVICE_FAMILY = "1,2";
			};
			name = Debug;
		};
		3DE39314299EBDF600A292D2 /* Release */ = {
			isa = XCBuildConfiguration;
			buildSettings = {
				ASSETCATALOG_COMPILER_APPICON_NAME = AppIcon;
				ASSETCATALOG_COMPILER_GLOBAL_ACCENT_COLOR_NAME = AccentColor;
				CODE_SIGN_STYLE = Automatic;
				CURRENT_PROJECT_VERSION = 1;
				DEVELOPMENT_ASSET_PATHS = "\"StackOverflow/Preview Content\"";
				DEVELOPMENT_TEAM = SXAJ89F3CF;
				ENABLE_PREVIEWS = YES;
				GENERATE_INFOPLIST_FILE = YES;
				INFOPLIST_KEY_UIApplicationSceneManifest_Generation = YES;
				INFOPLIST_KEY_UIApplicationSupportsIndirectInputEvents = YES;
				INFOPLIST_KEY_UILaunchScreen_Generation = YES;
				INFOPLIST_KEY_UISupportedInterfaceOrientations = UIInterfaceOrientationPortrait;
				INFOPLIST_KEY_UISupportedInterfaceOrientations_iPad = "UIInterfaceOrientationLandscapeLeft UIInterfaceOrientationLandscapeRight UIInterfaceOrientationPortrait UIInterfaceOrientationPortraitUpsideDown";
				LD_RUNPATH_SEARCH_PATHS = (
					"$(inherited)",
					"@executable_path/Frameworks",
				);
				MARKETING_VERSION = 1.0;
				PRODUCT_BUNDLE_IDENTIFIER = com.StackOverflow.StackOverflow;
				PRODUCT_NAME = "$(TARGET_NAME)";
				SWIFT_EMIT_LOC_STRINGS = YES;
				SWIFT_VERSION = 5.0;
				TARGETED_DEVICE_FAMILY = "1,2";
			};
			name = Release;
		};
/* End XCBuildConfiguration section */

/* Begin XCConfigurationList section */
		3DE392FF299EBDF500A292D2 /* Build configuration list for PBXProject "StackOverflow" */ = {
			isa = XCConfigurationList;
			buildConfigurations = (
				3DE39310299EBDF600A292D2 /* Debug */,
				3DE39311299EBDF600A292D2 /* Release */,
			);
			defaultConfigurationIsVisible = 0;
			defaultConfigurationName = Release;
		};
		3DE39312299EBDF600A292D2 /* Build configuration list for PBXNativeTarget "StackOverflow" */ = {
			isa = XCConfigurationList;
			buildConfigurations = (
				3DE39313299EBDF600A292D2 /* Debug */,
				3DE39314299EBDF600A292D2 /* Release */,
			);
			defaultConfigurationIsVisible = 0;
			defaultConfigurationName = Release;
		};
/* End XCConfigurationList section */
	};
	rootObject = 3DE392FC299EBDF500A292D2 /* Project object */;
}
